
Microsoft Visual Studio Solution File, Format Version 12.00
# Visual Studio Version 17
VisualStudioVersion = 17.14.36408.4 d17.14
MinimumVisualStudioVersion = 10.0.40219.1
Project("{FAE04EC0-301F-11D3-BF4B-00C04F79EFBC}") = "PruebaTecnica", "PruebaTecnica.csproj", "{D7D189E6-79CC-44A8-9D88-A2B0DCF21898}"
EndProject
Project("{FAE04EC0-301F-11D3-BF4B-00C04F79EFBC}") = "PruebaTecnica.Tests", "..\PruebaTecnica.Tests\PruebaTecnica.Tests.csproj", "{E3838449-87B9-4CC0-9732-5E2B81588FE5}"
EndProject
Global
	GlobalSection(SolutionConfigurationPlatforms) = preSolution
		Debug|Any CPU = Debug|Any CPU
		Release|Any CPU = Release|Any CPU
	EndGlobalSection
	GlobalSection(ProjectConfigurationPlatforms) = postSolution
		{D7D189E6-79CC-44A8-9D88-A2B0DCF21898}.Debug|Any CPU.ActiveCfg = Debug|Any CPU
		{D7D189E6-79CC-44A8-9D88-A2B0DCF21898}.Debug|Any CPU.Build.0 = Debug|Any CPU
		{D7D189E6-79CC-44A8-9D88-A2B0DCF21898}.Release|Any CPU.ActiveCfg = Release|Any CPU
		{D7D189E6-79CC-44A8-9D88-A2B0DCF21898}.Release|Any CPU.Build.0 = Release|Any CPU
		{E3838449-87B9-4CC0-9732-5E2B81588FE5}.Debug|Any CPU.ActiveCfg = Debug|Any CPU
		{E3838449-87B9-4CC0-9732-5E2B81588FE5}.Debug|Any CPU.Build.0 = Debug|Any CPU
		{E3838449-87B9-4CC0-9732-5E2B81588FE5}.Release|Any CPU.ActiveCfg = Release|Any CPU
		{E3838449-87B9-4CC0-9732-5E2B81588FE5}.Release|Any CPU.Build.0 = Release|Any CPU
	EndGlobalSection
	GlobalSection(SolutionProperties) = preSolution
		HideSolutionNode = FALSE
	EndGlobalSection
	GlobalSection(ExtensibilityGlobals) = postSolution
		SolutionGuid = {209760E8-55A7-46F3-8A29-11C6A74E9BF6}
	EndGlobalSection
EndGlobal
